# THIS IS AN AUTOGENERATED FILE. DO NOT EDIT THIS FILE DIRECTLY.
# yarn lockfile v1


"@vue/devtools-api@^7.7.2":
  version "7.7.7"
  resolved "https://registry.npmjs.org/@vue/devtools-api/-/devtools-api-7.7.7.tgz"
  integrity sha512-lwOnNBH2e7x1fIIbVT7yF5D+YWhqELm55/4ZKf45R9T8r9dE2AIOy8HKjfqzGsoTHFbWbr337O4E0A0QADnjBg==
  dependencies:
    "@vue/devtools-kit" "^7.7.7"

"@vue/devtools-kit@^7.7.7":
  version "7.7.7"
  resolved "https://registry.npmjs.org/@vue/devtools-kit/-/devtools-kit-7.7.7.tgz"
  integrity sha512-wgoZtxcTta65cnZ1Q6MbAfePVFxfM+gq0saaeytoph7nEa7yMXoi6sCPy4ufO111B9msnw0VOWjPEFCXuAKRHA==
  dependencies:
    "@vue/devtools-shared" "^7.7.7"
    birpc "^2.3.0"
    hookable "^5.5.3"
    mitt "^3.0.1"
    perfect-debounce "^1.0.0"
    speakingurl "^14.0.1"
    superjson "^2.2.2"

"@vue/devtools-shared@^7.7.7":
  version "7.7.7"
  resolved "https://registry.npmjs.org/@vue/devtools-shared/-/devtools-shared-7.7.7.tgz"
  integrity sha512-+udSj47aRl5aKb0memBvcUG9koarqnxNM5yjuREvqwK6T3ap4mn3Zqqc17QrBFTqSMjr3HK1cvStEZpMDpfdyw==
  dependencies:
    rfdc "^1.4.1"

birpc@^2.3.0:
  version "2.5.0"
  resolved "https://registry.npmjs.org/birpc/-/birpc-2.5.0.tgz"
  integrity sha512-VSWO/W6nNQdyP520F1mhf+Lc2f8pjGQOtoHHm7Ze8Go1kX7akpVIrtTa0fn+HB0QJEDVacl6aO08YE0PgXfdnQ==

copy-anything@^3.0.2:
  version "3.0.5"
  resolved "https://registry.npmjs.org/copy-anything/-/copy-anything-3.0.5.tgz"
  integrity sha512-yCEafptTtb4bk7GLEQoM8KVJpxAfdBJYaXyzQEgQQQgYrZiDp8SJmGKlYza6CYjEDNstAdNdKA3UuoULlEbS6w==
  dependencies:
    is-what "^4.1.8"

deep-pick-omit@^1.2.1:
  version "1.2.1"
  resolved "https://registry.npmjs.org/deep-pick-omit/-/deep-pick-omit-1.2.1.tgz"
  integrity sha512-2J6Kc/m3irCeqVG42T+SaUMesaK7oGWaedGnQQK/+O0gYc+2SP5bKh/KKTE7d7SJ+GCA9UUE1GRzh6oDe0EnGw==

defu@^6.1.4:
  version "6.1.4"
  resolved "https://registry.npmjs.org/defu/-/defu-6.1.4.tgz"
  integrity sha512-mEQCMmwJu317oSz8CwdIOdwf3xMif1ttiM8LTufzc3g6kR+9Pe236twL8j3IYT1F7GfRgGcW6MWxzZjLIkuHIg==

destr@^2.0.5:
  version "2.0.5"
  resolved "https://registry.npmjs.org/destr/-/destr-2.0.5.tgz"
  integrity sha512-ugFTXCtDZunbzasqBxrK93Ik/DRYsO6S/fedkWEMKqt04xZ4csmnmwGDBAb07QWNaGMAmnTIemsYZCksjATwsA==

hookable@^5.5.3:
  version "5.5.3"
  resolved "https://registry.npmjs.org/hookable/-/hookable-5.5.3.tgz"
  integrity sha512-Yc+BQe8SvoXH1643Qez1zqLRmbA5rCL+sSmk6TVos0LWVfNIB7PGncdlId77WzLGSIB5KaWgTaNTs2lNVEI6VQ==

is-what@^4.1.8:
  version "4.1.16"
  resolved "https://registry.npmjs.org/is-what/-/is-what-4.1.16.tgz"
  integrity sha512-ZhMwEosbFJkA0YhFnNDgTM4ZxDRsS6HqTo7qsZM08fehyRYIYa0yHu5R6mgo1n/8MgaPBXiPimPD77baVFYg+A==

mitt@^3.0.1:
  version "3.0.1"
  resolved "https://registry.npmjs.org/mitt/-/mitt-3.0.1.tgz"
  integrity sha512-vKivATfr97l2/QBCYAkXYDbrIWPM2IIKEl7YPhjCvKlG3kE2gm+uBo6nEXK3M5/Ffh/FLpKExzOQ3JJoJGFKBw==

perfect-debounce@^1.0.0:
  version "1.0.0"
  resolved "https://registry.npmjs.org/perfect-debounce/-/perfect-debounce-1.0.0.tgz"
  integrity sha512-xCy9V055GLEqoFaHoC1SoLIaLmWctgCUaBaWxDZ7/Zx4CTyX7cJQLJOok/orfjZAh9kEYpjJa4d0KcJmCbctZA==

pinia-plugin-persistedstate@^4.4.1:
  version "4.4.1"
  resolved "https://registry.npmjs.org/pinia-plugin-persistedstate/-/pinia-plugin-persistedstate-4.4.1.tgz"
  integrity sha512-lmuMPpXla2zJKjxEq34e1E9P9jxkWEhcVwwioCCE0izG45kkTOvQfCzvwhW3i38cvnaWC7T1eRdkd15Re59ldw==
  dependencies:
    deep-pick-omit "^1.2.1"
    defu "^6.1.4"
    destr "^2.0.5"

pinia@^3.0.3:
  version "3.0.3"
  resolved "https://registry.npmjs.org/pinia/-/pinia-3.0.3.tgz"
  integrity sha512-ttXO/InUULUXkMHpTdp9Fj4hLpD/2AoJdmAbAeW2yu1iy1k+pkFekQXw5VpC0/5p51IOR/jDaDRfRWRnMMsGOA==
  dependencies:
    "@vue/devtools-api" "^7.7.2"

rfdc@^1.4.1:
  version "1.4.1"
  resolved "https://registry.npmjs.org/rfdc/-/rfdc-1.4.1.tgz"
  integrity sha512-q1b3N5QkRUWUl7iyylaaj3kOpIT0N2i9MqIEQXP73GVsN9cw3fdx8X63cEmWhJGi2PPCF23Ijp7ktmd39rawIA==

speakingurl@^14.0.1:
  version "14.0.1"
  resolved "https://registry.npmjs.org/speakingurl/-/speakingurl-14.0.1.tgz"
  integrity sha512-1POYv7uv2gXoyGFpBCmpDVSNV74IfsWlDW216UPjbWufNf+bSU6GdbDsxdcxtfwb4xlI3yxzOTKClUosxARYrQ==

superjson@^2.2.2:
  version "2.2.2"
  resolved "https://registry.npmjs.org/superjson/-/superjson-2.2.2.tgz"
  integrity sha512-5JRxVqC8I8NuOUjzBbvVJAKNM8qoVuH0O77h4WInc/qC2q5IreqKxYwgkga3PfA22OayK2ikceb/B26dztPl+Q==
  dependencies:
    copy-anything "^3.0.2"
