# THIS IS AN AUTOGENERATED FILE. DO NOT EDIT THIS FILE DIRECTLY.
# yarn lockfile v1


"@vue/devtools-api@^7.7.2":
  version "7.7.7"
  resolved "https://registry.yarnpkg.com/@vue/devtools-api/-/devtools-api-7.7.7.tgz#5ef5f55f60396220725a273548c0d7ee983d5d34"
  integrity sha512-lwOnNBH2e7x1fIIbVT7yF5D+YWhqELm55/4ZKf45R9T8r9dE2AIOy8HKjfqzGsoTHFbWbr337O4E0A0QADnjBg==
  dependencies:
    "@vue/devtools-kit" "^7.7.7"

"@vue/devtools-kit@^7.7.7":
  version "7.7.7"
  resolved "https://registry.yarnpkg.com/@vue/devtools-kit/-/devtools-kit-7.7.7.tgz#41a64f9526e9363331c72405544df020ce2e3641"
  integrity sha512-wgoZtxcTta65cnZ1Q6MbAfePVFxfM+gq0saaeytoph7nEa7yMXoi6sCPy4ufO111B9msnw0VOWjPEFCXuAKRHA==
  dependencies:
    "@vue/devtools-shared" "^7.7.7"
    birpc "^2.3.0"
    hookable "^5.5.3"
    mitt "^3.0.1"
    perfect-debounce "^1.0.0"
    speakingurl "^14.0.1"
    superjson "^2.2.2"

"@vue/devtools-shared@^7.7.7":
  version "7.7.7"
  resolved "https://registry.yarnpkg.com/@vue/devtools-shared/-/devtools-shared-7.7.7.tgz#ff14aa8c1262ebac8c0397d3b09f767cd489750c"
  integrity sha512-+udSj47aRl5aKb0memBvcUG9koarqnxNM5yjuREvqwK6T3ap4mn3Zqqc17QrBFTqSMjr3HK1cvStEZpMDpfdyw==
  dependencies:
    rfdc "^1.4.1"

birpc@^2.3.0:
  version "2.5.0"
  resolved "https://registry.yarnpkg.com/birpc/-/birpc-2.5.0.tgz#3a014e54c17eceba0ce15738d484ea371dbf6527"
  integrity sha512-VSWO/W6nNQdyP520F1mhf+Lc2f8pjGQOtoHHm7Ze8Go1kX7akpVIrtTa0fn+HB0QJEDVacl6aO08YE0PgXfdnQ==

copy-anything@^3.0.2:
  version "3.0.5"
  resolved "https://registry.yarnpkg.com/copy-anything/-/copy-anything-3.0.5.tgz#2d92dce8c498f790fa7ad16b01a1ae5a45b020a0"
  integrity sha512-yCEafptTtb4bk7GLEQoM8KVJpxAfdBJYaXyzQEgQQQgYrZiDp8SJmGKlYza6CYjEDNstAdNdKA3UuoULlEbS6w==
  dependencies:
    is-what "^4.1.8"

deep-pick-omit@^1.2.1:
  version "1.2.1"
  resolved "https://registry.yarnpkg.com/deep-pick-omit/-/deep-pick-omit-1.2.1.tgz#c035b27a4c86518b76f60ffa3004e6c61f317032"
  integrity sha512-2J6Kc/m3irCeqVG42T+SaUMesaK7oGWaedGnQQK/+O0gYc+2SP5bKh/KKTE7d7SJ+GCA9UUE1GRzh6oDe0EnGw==

defu@^6.1.4:
  version "6.1.4"
  resolved "https://registry.yarnpkg.com/defu/-/defu-6.1.4.tgz#4e0c9cf9ff68fe5f3d7f2765cc1a012dfdcb0479"
  integrity sha512-mEQCMmwJu317oSz8CwdIOdwf3xMif1ttiM8LTufzc3g6kR+9Pe236twL8j3IYT1F7GfRgGcW6MWxzZjLIkuHIg==

destr@^2.0.5:
  version "2.0.5"
  resolved "https://registry.yarnpkg.com/destr/-/destr-2.0.5.tgz#7d112ff1b925fb8d2079fac5bdb4a90973b51fdb"
  integrity sha512-ugFTXCtDZunbzasqBxrK93Ik/DRYsO6S/fedkWEMKqt04xZ4csmnmwGDBAb07QWNaGMAmnTIemsYZCksjATwsA==

hookable@^5.5.3:
  version "5.5.3"
  resolved "https://registry.yarnpkg.com/hookable/-/hookable-5.5.3.tgz#6cfc358984a1ef991e2518cb9ed4a778bbd3215d"
  integrity sha512-Yc+BQe8SvoXH1643Qez1zqLRmbA5rCL+sSmk6TVos0LWVfNIB7PGncdlId77WzLGSIB5KaWgTaNTs2lNVEI6VQ==

is-what@^4.1.8:
  version "4.1.16"
  resolved "https://registry.yarnpkg.com/is-what/-/is-what-4.1.16.tgz#1ad860a19da8b4895ad5495da3182ce2acdd7a6f"
  integrity sha512-ZhMwEosbFJkA0YhFnNDgTM4ZxDRsS6HqTo7qsZM08fehyRYIYa0yHu5R6mgo1n/8MgaPBXiPimPD77baVFYg+A==

mitt@^3.0.1:
  version "3.0.1"
  resolved "https://registry.yarnpkg.com/mitt/-/mitt-3.0.1.tgz#ea36cf0cc30403601ae074c8f77b7092cdab36d1"
  integrity sha512-vKivATfr97l2/QBCYAkXYDbrIWPM2IIKEl7YPhjCvKlG3kE2gm+uBo6nEXK3M5/Ffh/FLpKExzOQ3JJoJGFKBw==

perfect-debounce@^1.0.0:
  version "1.0.0"
  resolved "https://registry.yarnpkg.com/perfect-debounce/-/perfect-debounce-1.0.0.tgz#9c2e8bc30b169cc984a58b7d5b28049839591d2a"
  integrity sha512-xCy9V055GLEqoFaHoC1SoLIaLmWctgCUaBaWxDZ7/Zx4CTyX7cJQLJOok/orfjZAh9kEYpjJa4d0KcJmCbctZA==

pinia-plugin-persistedstate@^4.4.1:
  version "4.4.1"
  resolved "https://registry.yarnpkg.com/pinia-plugin-persistedstate/-/pinia-plugin-persistedstate-4.4.1.tgz#2cc60432d8b5b56c49cdd1c604a709f2e2864d60"
  integrity sha512-lmuMPpXla2zJKjxEq34e1E9P9jxkWEhcVwwioCCE0izG45kkTOvQfCzvwhW3i38cvnaWC7T1eRdkd15Re59ldw==
  dependencies:
    deep-pick-omit "^1.2.1"
    defu "^6.1.4"
    destr "^2.0.5"

pinia@^3.0.3:
  version "3.0.3"
  resolved "https://registry.yarnpkg.com/pinia/-/pinia-3.0.3.tgz#f412019bdeb2f45e85927b432803190343e12d89"
  integrity sha512-ttXO/InUULUXkMHpTdp9Fj4hLpD/2AoJdmAbAeW2yu1iy1k+pkFekQXw5VpC0/5p51IOR/jDaDRfRWRnMMsGOA==
  dependencies:
    "@vue/devtools-api" "^7.7.2"

rfdc@^1.4.1:
  version "1.4.1"
  resolved "https://registry.yarnpkg.com/rfdc/-/rfdc-1.4.1.tgz#778f76c4fb731d93414e8f925fbecf64cce7f6ca"
  integrity sha512-q1b3N5QkRUWUl7iyylaaj3kOpIT0N2i9MqIEQXP73GVsN9cw3fdx8X63cEmWhJGi2PPCF23Ijp7ktmd39rawIA==

speakingurl@^14.0.1:
  version "14.0.1"
  resolved "https://registry.yarnpkg.com/speakingurl/-/speakingurl-14.0.1.tgz#f37ec8ddc4ab98e9600c1c9ec324a8c48d772a53"
  integrity sha512-1POYv7uv2gXoyGFpBCmpDVSNV74IfsWlDW216UPjbWufNf+bSU6GdbDsxdcxtfwb4xlI3yxzOTKClUosxARYrQ==

superjson@^2.2.2:
  version "2.2.2"
  resolved "https://registry.yarnpkg.com/superjson/-/superjson-2.2.2.tgz#9d52bf0bf6b5751a3c3472f1292e714782ba3173"
  integrity sha512-5JRxVqC8I8NuOUjzBbvVJAKNM8qoVuH0O77h4WInc/qC2q5IreqKxYwgkga3PfA22OayK2ikceb/B26dztPl+Q==
  dependencies:
    copy-anything "^3.0.2"
