# This file is generated by running "yarn install" inside your project.
# Manual changes might be lost - proceed with caution!

__metadata:
  version: 8
  cacheKey: 10c0

"@vue/devtools-api@npm:^7.7.2":
  version: 7.7.7
  resolution: "@vue/devtools-api@npm:7.7.7"
  dependencies:
    "@vue/devtools-kit": "npm:^7.7.7"
  checksum: 10c0/9c7e754b706f54c5ace31520acb50bda398ff15eb4350b30e9dfb1c8c692094951e68ee1713c2833d79c393c53653987c65c11031a079ad391d84bf505b74264
  languageName: node
  linkType: hard

"@vue/devtools-kit@npm:^7.7.7":
  version: 7.7.7
  resolution: "@vue/devtools-kit@npm:7.7.7"
  dependencies:
    "@vue/devtools-shared": "npm:^7.7.7"
    birpc: "npm:^2.3.0"
    hookable: "npm:^5.5.3"
    mitt: "npm:^3.0.1"
    perfect-debounce: "npm:^1.0.0"
    speakingurl: "npm:^14.0.1"
    superjson: "npm:^2.2.2"
  checksum: 10c0/78a6048af4b6b5f9c42ac2e415f3455792e20467ff9a96b3db02b6df108740e3f90c89bdf607f1bb44e13dd77ba007e6bc1f6ce44cb53b26286635a2706ecdcf
  languageName: node
  linkType: hard

"@vue/devtools-shared@npm:^7.7.7":
  version: 7.7.7
  resolution: "@vue/devtools-shared@npm:7.7.7"
  dependencies:
    rfdc: "npm:^1.4.1"
  checksum: 10c0/f29df17a6f5e92f6c33477279e0a22cb986fc413504918b58cf7d9fb4d541ea9e3163a947cf63212dfc19dd30351abfe1de39a8907bfef446ed02f03c06a24c9
  languageName: node
  linkType: hard

"birpc@npm:^2.3.0":
  version: 2.5.0
  resolution: "birpc@npm:2.5.0"
  checksum: 10c0/8caed5ad86b71e0b4af6a1c5e8ed006f451d3b378ce52c2fa613fe68f15bb3df1357ad69f7fb0251e4261f39b2926995e34307ac06397f993665b16ba569dc54
  languageName: node
  linkType: hard

"copy-anything@npm:^3.0.2":
  version: 3.0.5
  resolution: "copy-anything@npm:3.0.5"
  dependencies:
    is-what: "npm:^4.1.8"
  checksum: 10c0/01eadd500c7e1db71d32d95a3bfaaedcb839ef891c741f6305ab0461398056133de08f2d1bf4c392b364e7bdb7ce498513896e137a7a183ac2516b065c28a4fe
  languageName: node
  linkType: hard

"deep-pick-omit@npm:^1.2.1":
  version: 1.2.1
  resolution: "deep-pick-omit@npm:1.2.1"
  checksum: 10c0/6010abbf022e3dd857c140847cd51be6c55e9470f421bb39b6def3984232656668460bc0f0e522f40ae413f6406e13228fda0a88970c13b251d903c864cc1cde
  languageName: node
  linkType: hard

"defu@npm:^6.1.4":
  version: 6.1.4
  resolution: "defu@npm:6.1.4"
  checksum: 10c0/2d6cc366262dc0cb8096e429368e44052fdf43ed48e53ad84cc7c9407f890301aa5fcb80d0995abaaf842b3949f154d060be4160f7a46cb2bc2f7726c81526f5
  languageName: node
  linkType: hard

"destr@npm:^2.0.5":
  version: 2.0.5
  resolution: "destr@npm:2.0.5"
  checksum: 10c0/efabffe7312a45ad90d79975376be958c50069f1156b94c181199763a7f971e113bd92227c26b94a169c71ca7dbc13583b7e96e5164743969fc79e1ff153e646
  languageName: node
  linkType: hard

"ex_forcast@workspace:.":
  version: 0.0.0-use.local
  resolution: "ex_forcast@workspace:."
  dependencies:
    pinia: "npm:^3.0.3"
    pinia-plugin-persistedstate: "npm:^4.4.1"
  languageName: unknown
  linkType: soft

"hookable@npm:^5.5.3":
  version: 5.5.3
  resolution: "hookable@npm:5.5.3"
  checksum: 10c0/275f4cc84d27f8d48c5a5cd5685b6c0fea9291be9deea5bff0cfa72856ed566abde1dcd8cb1da0f9a70b4da3d7ec0d60dc3554c4edbba647058cc38816eced3d
  languageName: node
  linkType: hard

"is-what@npm:^4.1.8":
  version: 4.1.16
  resolution: "is-what@npm:4.1.16"
  checksum: 10c0/611f1947776826dcf85b57cfb7bd3b3ea6f4b94a9c2f551d4a53f653cf0cb9d1e6518846648256d46ee6c91d114b6d09d2ac8a07306f7430c5900f87466aae5b
  languageName: node
  linkType: hard

"mitt@npm:^3.0.1":
  version: 3.0.1
  resolution: "mitt@npm:3.0.1"
  checksum: 10c0/3ab4fdecf3be8c5255536faa07064d05caa3dd332bd318ff02e04621f7b3069ca1de9106cfe8e7ced675abfc2bec2ce4c4ef321c4a1bb1fb29df8ae090741913
  languageName: node
  linkType: hard

"perfect-debounce@npm:^1.0.0":
  version: 1.0.0
  resolution: "perfect-debounce@npm:1.0.0"
  checksum: 10c0/e2baac416cae046ef1b270812cf9ccfb0f91c04ea36ac7f5b00bc84cb7f41bdbba087c0ab21b4e02a7ef3a1f1f6db399f137cecec46868bd7d8d88c2a9ee431f
  languageName: node
  linkType: hard

"pinia-plugin-persistedstate@npm:^4.4.1":
  version: 4.4.1
  resolution: "pinia-plugin-persistedstate@npm:4.4.1"
  dependencies:
    deep-pick-omit: "npm:^1.2.1"
    defu: "npm:^6.1.4"
    destr: "npm:^2.0.5"
  peerDependencies:
    "@nuxt/kit": ">=3.0.0"
    "@pinia/nuxt": ">=0.10.0"
    pinia: ">=3.0.0"
  peerDependenciesMeta:
    "@nuxt/kit":
      optional: true
    "@pinia/nuxt":
      optional: true
    pinia:
      optional: true
  checksum: 10c0/6306122aa7b28b456275672ae1d97371dd7f56a5a1c0394cdb98c5da21c21f96aaeae3425d96db75d2066ad610bc7635e5baff2a6ff483ac69f3ef9558ea5282
  languageName: node
  linkType: hard

"pinia@npm:^3.0.3":
  version: 3.0.3
  resolution: "pinia@npm:3.0.3"
  dependencies:
    "@vue/devtools-api": "npm:^7.7.2"
  peerDependencies:
    typescript: ">=4.4.4"
    vue: ^2.7.0 || ^3.5.11
  peerDependenciesMeta:
    typescript:
      optional: true
  checksum: 10c0/486f464ce402e33c502caf564bebcd00c364e7d57432373f64201da0cdbbc96a6357fecb5ee09882228d3c17d400af1f0c9550ddf2d19f2ef2931860a427cc23
  languageName: node
  linkType: hard

"rfdc@npm:^1.4.1":
  version: 1.4.1
  resolution: "rfdc@npm:1.4.1"
  checksum: 10c0/4614e4292356cafade0b6031527eea9bc90f2372a22c012313be1dcc69a3b90c7338158b414539be863fa95bfcb2ddcd0587be696841af4e6679d85e62c060c7
  languageName: node
  linkType: hard

"speakingurl@npm:^14.0.1":
  version: 14.0.1
  resolution: "speakingurl@npm:14.0.1"
  checksum: 10c0/1de1d1b938a7c4d9e79593ff7a26d312ec04a7c3234ca40b7f9b8106daf74ea9d2110a077f5db97ecf3762b83069e3ccbf9694431b51d4fcfd863f0b3333c342
  languageName: node
  linkType: hard

"superjson@npm:^2.2.2":
  version: 2.2.2
  resolution: "superjson@npm:2.2.2"
  dependencies:
    copy-anything: "npm:^3.0.2"
  checksum: 10c0/aa49ebe6653e963020bc6a1ed416d267dfda84cfcc3cbd3beffd75b72e44eb9df7327215f3e3e77528f6e19ad8895b16a4964fdcd56d1799d14350db8c92afbc
  languageName: node
  linkType: hard
